
Microsoft Visual Studio Solution File, Format Version 12.00
# Visual Studio Version 17
VisualStudioVersion = 17.3.32819.101
MinimumVisualStudioVersion = 10.0.40219.1
Project("{FAE04EC0-301F-11D3-BF4B-00C04F79EFBC}") = "SharpDbg", "SharpDbg\SharpDbg.csproj", "{8ACBD121-45C9-4554-9F6A-8DE1826982CE}"
EndProject
Project("{2150E333-8FDC-42A3-9474-1A3956D46DE8}") = "Solution Items", "Solution Items", "{28A13524-D65D-4949-9FB0-0009CAB93DBA}"
	ProjectSection(SolutionItems) = preProject
		Notes.txt = Notes.txt
	EndProjectSection
EndProject
Project("{8BC9CEB8-8B4A-11D0-8D11-00A0C91BC942}") = "TestTarget", "TestTarget\TestTarget.vcxproj", "{58C74C87-74D5-4298-B047-3708E34780A8}"
EndProject
Global
	GlobalSection(SolutionConfigurationPlatforms) = preSolution
		Debug|Any CPU = Debug|Any CPU
		Debug|x64 = Debug|x64
		Debug|x86 = Debug|x86
		Release|Any CPU = Release|Any CPU
		Release|x64 = Release|x64
		Release|x86 = Release|x86
	EndGlobalSection
	GlobalSection(ProjectConfigurationPlatforms) = postSolution
		{8ACBD121-45C9-4554-9F6A-8DE1826982CE}.Debug|Any CPU.ActiveCfg = Debug|Any CPU
		{8ACBD121-45C9-4554-9F6A-8DE1826982CE}.Debug|Any CPU.Build.0 = Debug|Any CPU
		{8ACBD121-45C9-4554-9F6A-8DE1826982CE}.Debug|x64.ActiveCfg = Debug|Any CPU
		{8ACBD121-45C9-4554-9F6A-8DE1826982CE}.Debug|x64.Build.0 = Debug|Any CPU
		{8ACBD121-45C9-4554-9F6A-8DE1826982CE}.Debug|x86.ActiveCfg = Debug|x86
		{8ACBD121-45C9-4554-9F6A-8DE1826982CE}.Debug|x86.Build.0 = Debug|x86
		{8ACBD121-45C9-4554-9F6A-8DE1826982CE}.Release|Any CPU.ActiveCfg = Release|Any CPU
		{8ACBD121-45C9-4554-9F6A-8DE1826982CE}.Release|Any CPU.Build.0 = Release|Any CPU
		{8ACBD121-45C9-4554-9F6A-8DE1826982CE}.Release|x64.ActiveCfg = Release|Any CPU
		{8ACBD121-45C9-4554-9F6A-8DE1826982CE}.Release|x64.Build.0 = Release|Any CPU
		{8ACBD121-45C9-4554-9F6A-8DE1826982CE}.Release|x86.ActiveCfg = Release|x86
		{8ACBD121-45C9-4554-9F6A-8DE1826982CE}.Release|x86.Build.0 = Release|x86
		{58C74C87-74D5-4298-B047-3708E34780A8}.Debug|Any CPU.ActiveCfg = Debug|x64
		{58C74C87-74D5-4298-B047-3708E34780A8}.Debug|Any CPU.Build.0 = Debug|x64
		{58C74C87-74D5-4298-B047-3708E34780A8}.Debug|x64.ActiveCfg = Debug|x64
		{58C74C87-74D5-4298-B047-3708E34780A8}.Debug|x64.Build.0 = Debug|x64
		{58C74C87-74D5-4298-B047-3708E34780A8}.Debug|x86.ActiveCfg = Debug|Win32
		{58C74C87-74D5-4298-B047-3708E34780A8}.Debug|x86.Build.0 = Debug|Win32
		{58C74C87-74D5-4298-B047-3708E34780A8}.Release|Any CPU.ActiveCfg = Release|x64
		{58C74C87-74D5-4298-B047-3708E34780A8}.Release|Any CPU.Build.0 = Release|x64
		{58C74C87-74D5-4298-B047-3708E34780A8}.Release|x64.ActiveCfg = Release|x64
		{58C74C87-74D5-4298-B047-3708E34780A8}.Release|x64.Build.0 = Release|x64
		{58C74C87-74D5-4298-B047-3708E34780A8}.Release|x86.ActiveCfg = Release|Win32
		{58C74C87-74D5-4298-B047-3708E34780A8}.Release|x86.Build.0 = Release|Win32
	EndGlobalSection
	GlobalSection(SolutionProperties) = preSolution
		HideSolutionNode = FALSE
	EndGlobalSection
	GlobalSection(ExtensibilityGlobals) = postSolution
		SolutionGuid = {5C16B66F-7201-4492-B5C2-09F8AFA553C7}
	EndGlobalSection
EndGlobal
